// !$*UTF8*$!
{
	archiveVersion = 1;
	classes = {
	};
	objectVersion = 46;
	objects = {

/* Begin PBXBuildFile section */
		A68D9ABF08A46D0680CD3C99 /* Pods_SnapchatTest.framework in Frameworks */ = {isa = PBXBuildFile; fileRef = 4C8A3DC9A1AF855C8D351E64 /* Pods_SnapchatTest.framework */; };
		B071D3011F46773A009515C9 /* AppDelegate.swift in Sources */ = {isa = PBXBuildFile; fileRef = B071D3001F46773A009515C9 /* AppDelegate.swift */; };
		B071D3031F46773A009515C9 /* SignInViewController.swift in Sources */ = {isa = PBXBuildFile; fileRef = B071D3021F46773A009515C9 /* SignInViewController.swift */; };
		B071D3061F46773A009515C9 /* Main.storyboard in Resources */ = {isa = PBXBuildFile; fileRef = B071D3041F46773A009515C9 /* Main.storyboard */; };
		B071D3081F46773A009515C9 /* Assets.xcassets in Resources */ = {isa = PBXBuildFile; fileRef = B071D3071F46773A009515C9 /* Assets.xcassets */; };
		B071D30B1F46773A009515C9 /* LaunchScreen.storyboard in Resources */ = {isa = PBXBuildFile; fileRef = B071D3091F46773A009515C9 /* LaunchScreen.storyboard */; };
		B071D3131F4678C6009515C9 /* GoogleService-Info.plist in Resources */ = {isa = PBXBuildFile; fileRef = B071D3121F4678C6009515C9 /* GoogleService-Info.plist */; };
/* End PBXBuildFile section */

/* Begin PBXFileReference section */
		2C552C303ED3F9F32F12858F /* Pods-SnapchatTest.debug.xcconfig */ = {isa = PBXFileReference; includeInIndex = 1; lastKnownFileType = text.xcconfig; name = "Pods-SnapchatTest.debug.xcconfig"; path = "Pods/Target Support Files/Pods-SnapchatTest/Pods-SnapchatTest.debug.xcconfig"; sourceTree = "<group>"; };
		4C8A3DC9A1AF855C8D351E64 /* Pods_SnapchatTest.framework */ = {isa = PBXFileReference; explicitFileType = wrapper.framework; includeInIndex = 0; path = Pods_SnapchatTest.framework; sourceTree = BUILT_PRODUCTS_DIR; };
		8B9D8F77249F880B5A802EE4 /* Pods-SnapchatTest.release.xcconfig */ = {isa = PBXFileReference; includeInIndex = 1; lastKnownFileType = text.xcconfig; name = "Pods-SnapchatTest.release.xcconfig"; path = "Pods/Target Support Files/Pods-SnapchatTest/Pods-SnapchatTest.release.xcconfig"; sourceTree = "<group>"; };
		B071D2FD1F46773A009515C9 /* SnapchatTest.app */ = {isa = PBXFileReference; explicitFileType = wrapper.application; includeInIndex = 0; path = SnapchatTest.app; sourceTree = BUILT_PRODUCTS_DIR; };
		B071D3001F46773A009515C9 /* AppDelegate.swift */ = {isa = PBXFileReference; lastKnownFileType = sourcecode.swift; path = AppDelegate.swift; sourceTree = "<group>"; };
		B071D3021F46773A009515C9 /* SignInViewController.swift */ = {isa = PBXFileReference; lastKnownFileType = sourcecode.swift; path = SignInViewController.swift; sourceTree = "<group>"; };
		B071D3051F46773A009515C9 /* Base */ = {isa = PBXFileReference; lastKnownFileType = file.storyboard; name = Base; path = Base.lproj/Main.storyboard; sourceTree = "<group>"; };
		B071D3071F46773A009515C9 /* Assets.xcassets */ = {isa = PBXFileReference; lastKnownFileType = folder.assetcatalog; path = Assets.xcassets; sourceTree = "<group>"; };
		B071D30A1F46773A009515C9 /* Base */ = {isa = PBXFileReference; lastKnownFileType = file.storyboard; name = Base; path = Base.lproj/LaunchScreen.storyboard; sourceTree = "<group>"; };
		B071D30C1F46773A009515C9 /* Info.plist */ = {isa = PBXFileReference; lastKnownFileType = text.plist.xml; path = Info.plist; sourceTree = "<group>"; };
		B071D3121F4678C6009515C9 /* GoogleService-Info.plist */ = {isa = PBXFileReference; fileEncoding = 4; lastKnownFileType = text.plist.xml; path = "GoogleService-Info.plist"; sourceTree = "<group>"; };
/* End PBXFileReference section */

/* Begin PBXFrameworksBuildPhase section */
		B071D2FA1F46773A009515C9 /* Frameworks */ = {
			isa = PBXFrameworksBuildPhase;
			buildActionMask = 2147483647;
			files = (
				A68D9ABF08A46D0680CD3C99 /* Pods_SnapchatTest.framework in Frameworks */,
			);
			runOnlyForDeploymentPostprocessing = 0;
		};
/* End PBXFrameworksBuildPhase section */

/* Begin PBXGroup section */
		013D5043038AB509B46D12EE /* Pods */ = {
			isa = PBXGroup;
			children = (
				2C552C303ED3F9F32F12858F /* Pods-SnapchatTest.debug.xcconfig */,
				8B9D8F77249F880B5A802EE4 /* Pods-SnapchatTest.release.xcconfig */,
			);
			name = Pods;
			sourceTree = "<group>";
		};
		1D1BF7EFA54B9A0720B870B2 /* Frameworks */ = {
			isa = PBXGroup;
			children = (
				4C8A3DC9A1AF855C8D351E64 /* Pods_SnapchatTest.framework */,
			);
			name = Frameworks;
			sourceTree = "<group>";
		};
		B071D2F41F467739009515C9 = {
			isa = PBXGroup;
			children = (
				B071D2FF1F46773A009515C9 /* SnapchatTest */,
				B071D2FE1F46773A009515C9 /* Products */,
				013D5043038AB509B46D12EE /* Pods */,
				1D1BF7EFA54B9A0720B870B2 /* Frameworks */,
			);
			sourceTree = "<group>";
		};
		B071D2FE1F46773A009515C9 /* Products */ = {
			isa = PBXGroup;
			children = (
				B071D2FD1F46773A009515C9 /* SnapchatTest.app */,
			);
			name = Products;
			sourceTree = "<group>";
		};
		B071D2FF1F46773A009515C9 /* SnapchatTest */ = {
			isa = PBXGroup;
			children = (
				B071D3001F46773A009515C9 /* AppDelegate.swift */,
				B071D3021F46773A009515C9 /* SignInViewController.swift */,
				B071D3041F46773A009515C9 /* Main.storyboard */,
				B071D3071F46773A009515C9 /* Assets.xcassets */,
				B071D3091F46773A009515C9 /* LaunchScreen.storyboard */,
				B071D30C1F46773A009515C9 /* Info.plist */,
				B071D3121F4678C6009515C9 /* GoogleService-Info.plist */,
			);
			path = SnapchatTest;
			sourceTree = "<group>";
		};
/* End PBXGroup section */

/* Begin PBXNativeTarget section */
		B071D2FC1F46773A009515C9 /* SnapchatTest */ = {
			isa = PBXNativeTarget;
			buildConfigurationList = B071D30F1F46773A009515C9 /* Build configuration list for PBXNativeTarget "SnapchatTest" */;
			buildPhases = (
				6DBED745DD9ECB71DF426E7F /* [CP] Check Pods Manifest.lock */,
				B071D2F91F46773A009515C9 /* Sources */,
				B071D2FA1F46773A009515C9 /* Frameworks */,
				B071D2FB1F46773A009515C9 /* Resources */,
				105D6795CD70C2C2A6DEB377 /* [CP] Embed Pods Frameworks */,
				6D02C035DF429E2E8A9811EF /* [CP] Copy Pods Resources */,
			);
			buildRules = (
			);
			dependencies = (
			);
			name = SnapchatTest;
			productName = SnapchatTest;
			productReference = B071D2FD1F46773A009515C9 /* SnapchatTest.app */;
			productType = "com.apple.product-type.application";
		};
/* End PBXNativeTarget section */

/* Begin PBXProject section */
		B071D2F51F467739009515C9 /* Project object */ = {
			isa = PBXProject;
			attributes = {
				LastSwiftUpdateCheck = 0830;
				LastUpgradeCheck = 0830;
				ORGANIZATIONNAME = "Michael Ruddy";
				TargetAttributes = {
					B071D2FC1F46773A009515C9 = {
						CreatedOnToolsVersion = 8.3.3;
						ProvisioningStyle = Automatic;
					};
				};
			};
			buildConfigurationList = B071D2F81F467739009515C9 /* Build configuration list for PBXProject "SnapchatTest" */;
			compatibilityVersion = "Xcode 3.2";
			developmentRegion = English;
			hasScannedForEncodings = 0;
			knownRegions = (
				en,
				Base,
			);
			mainGroup = B071D2F41F467739009515C9;
			productRefGroup = B071D2FE1F46773A009515C9 /* Products */;
			projectDirPath = "";
			projectRoot = "";
			targets = (
				B071D2FC1F46773A009515C9 /* SnapchatTest */,
			);
		};
/* End PBXProject section */

/* Begin PBXResourcesBuildPhase section */
		B071D2FB1F46773A009515C9 /* Resources */ = {
			isa = PBXResourcesBuildPhase;
			buildActionMask = 2147483647;
			files = (
				B071D30B1F46773A009515C9 /* LaunchScreen.storyboard in Resources */,
				B071D3131F4678C6009515C9 /* GoogleService-Info.plist in Resources */,
				B071D3081F46773A009515C9 /* Assets.xcassets in Resources */,
				B071D3061F46773A009515C9 /* Main.storyboard in Resources */,
			);
			runOnlyForDeploymentPostprocessing = 0;
		};
/* End PBXResourcesBuildPhase section */

/* Begin PBXShellScriptBuildPhase section */
		105D6795CD70C2C2A6DEB377 /* [CP] Embed Pods Frameworks */ = {
			isa = PBXShellScriptBuildPhase;
			buildActionMask = 2147483647;
			files = (
			);
			inputPaths = (
				"${SRCROOT}/Pods/Target Support Files/Pods-SnapchatTest/Pods-SnapchatTest-frameworks.sh",
				"${BUILT_PRODUCTS_DIR}/GTMSessionFetcher/GTMSessionFetcher.framework",
				"${BUILT_PRODUCTS_DIR}/GoogleToolboxForMac/GoogleToolboxForMac.framework",
				"${BUILT_PRODUCTS_DIR}/leveldb-library/leveldb.framework",
				"${BUILT_PRODUCTS_DIR}/nanopb/nanopb.framework",
			);
			name = "[CP] Embed Pods Frameworks";
			outputPaths = (
				"${TARGET_BUILD_DIR}/${FRAMEWORKS_FOLDER_PATH}/GTMSessionFetcher.framework",
				"${TARGET_BUILD_DIR}/${FRAMEWORKS_FOLDER_PATH}/GoogleToolboxForMac.framework",
				"${TARGET_BUILD_DIR}/${FRAMEWORKS_FOLDER_PATH}/leveldb.framework",
				"${TARGET_BUILD_DIR}/${FRAMEWORKS_FOLDER_PATH}/nanopb.framework",
			);
			runOnlyForDeploymentPostprocessing = 0;
			shellPath = /bin/sh;
			shellScript = "\"${SRCROOT}/Pods/Target Support Files/Pods-SnapchatTest/Pods-SnapchatTest-frameworks.sh\"\n";
			showEnvVarsInLog = 0;
		};
		6D02C035DF429E2E8A9811EF /* [CP] Copy Pods Resources */ = {
			isa = PBXShellScriptBuildPhase;
			buildActionMask = 2147483647;
			files = (
			);
			inputPaths = (
			);
			name = "[CP] Copy Pods Resources";
			outputPaths = (
			);
			runOnlyForDeploymentPostprocessing = 0;
			shellPath = /bin/sh;
			shellScript = "\"${SRCROOT}/Pods/Target Support Files/Pods-SnapchatTest/Pods-SnapchatTest-resources.sh\"\n";
			showEnvVarsInLog = 0;
		};
		6DBED745DD9ECB71DF426E7F /* [CP] Check Pods Manifest.lock */ = {
			isa = PBXShellScriptBuildPhase;
			buildActionMask = 2147483647;
			files = (
			);
			inputPaths = (
				"${PODS_PODFILE_DIR_PATH}/Podfile.lock",
				"${PODS_ROOT}/Manifest.lock",
			);
			name = "[CP] Check Pods Manifest.lock";
			outputPaths = (
				"$(DERIVED_FILE_DIR)/Pods-SnapchatTest-checkManifestLockResult.txt",
			);
			runOnlyForDeploymentPostprocessing = 0;
			shellPath = /bin/sh;
			shellScript = "diff \"${PODS_PODFILE_DIR_PATH}/Podfile.lock\" \"${PODS_ROOT}/Manifest.lock\" > /dev/null\nif [ $? != 0 ] ; then\n    # print error to STDERR\n    echo \"error: The sandbox is not in sync with the Podfile.lock. Run 'pod install' or update your CocoaPods installation.\" >&2\n    exit 1\nfi\n# This output is used by Xcode 'outputs' to avoid re-running this script phase.\necho \"SUCCESS\" > \"${SCRIPT_OUTPUT_FILE_0}\"\n";
			showEnvVarsInLog = 0;
		};
/* End PBXShellScriptBuildPhase section */

/* Begin PBXSourcesBuildPhase section */
		B071D2F91F46773A009515C9 /* Sources */ = {
			isa = PBXSourcesBuildPhase;
			buildActionMask = 2147483647;
			files = (
				B071D3031F46773A009515C9 /* SignInViewController.swift in Sources */,
				B071D3011F46773A009515C9 /* AppDelegate.swift in Sources */,
			);
			runOnlyForDeploymentPostprocessing = 0;
		};
/* End PBXSourcesBuildPhase section */

/* Begin PBXVariantGroup section */
		B071D3041F46773A009515C9 /* Main.storyboard */ = {
			isa = PBXVariantGroup;
			children = (
				B071D3051F46773A009515C9 /* Base */,
			);
			name = Main.storyboard;
			sourceTree = "<group>";
		};
		B071D3091F46773A009515C9 /* LaunchScreen.storyboard */ = {
			isa = PBXVariantGroup;
			children = (
				B071D30A1F46773A009515C9 /* Base */,
			);
			name = LaunchScreen.storyboard;
			sourceTree = "<group>";
		};
/* End PBXVariantGroup section */

/* Begin XCBuildConfiguration section */
		B071D30D1F46773A009515C9 /* Debug */ = {
			isa = XCBuildConfiguration;
			buildSettings = {
				ALWAYS_SEARCH_USER_PATHS = NO;
				CLANG_ANALYZER_NONNULL = YES;
				CLANG_ANALYZER_NUMBER_OBJECT_CONVERSION = YES_AGGRESSIVE;
				CLANG_CXX_LANGUAGE_STANDARD = "gnu++0x";
				CLANG_CXX_LIBRARY = "libc++";
				CLANG_ENABLE_MODULES = YES;
				CLANG_ENABLE_OBJC_ARC = YES;
				CLANG_WARN_BOOL_CONVERSION = YES;
				CLANG_WARN_CONSTANT_CONVERSION = YES;
				CLANG_WARN_DIRECT_OBJC_ISA_USAGE = YES_ERROR;
				CLANG_WARN_DOCUMENTATION_COMMENTS = YES;
				CLANG_WARN_EMPTY_BODY = YES;
				CLANG_WARN_ENUM_CONVERSION = YES;
				CLANG_WARN_INFINITE_RECURSION = YES;
				CLANG_WARN_INT_CONVERSION = YES;
				CLANG_WARN_OBJC_ROOT_CLASS = YES_ERROR;
				CLANG_WARN_SUSPICIOUS_MOVE = YES;
				CLANG_WARN_UNREACHABLE_CODE = YES;
				CLANG_WARN__DUPLICATE_METHOD_MATCH = YES;
				"CODE_SIGN_IDENTITY[sdk=iphoneos*]" = "iPhone Developer";
				COPY_PHASE_STRIP = NO;
				DEBUG_INFORMATION_FORMAT = dwarf;
				ENABLE_STRICT_OBJC_MSGSEND = YES;
				ENABLE_TESTABILITY = YES;
				GCC_C_LANGUAGE_STANDARD = gnu99;
				GCC_DYNAMIC_NO_PIC = NO;
				GCC_NO_COMMON_BLOCKS = YES;
				GCC_OPTIMIZATION_LEVEL = 0;
				GCC_PREPROCESSOR_DEFINITIONS = (
					"DEBUG=1",
					"$(inherited)",
				);
				GCC_WARN_64_TO_32_BIT_CONVERSION = YES;
				GCC_WARN_ABOUT_RETURN_TYPE = YES_ERROR;
				GCC_WARN_UNDECLARED_SELECTOR = YES;
				GCC_WARN_UNINITIALIZED_AUTOS = YES_AGGRESSIVE;
				GCC_WARN_UNUSED_FUNCTION = YES;
				GCC_WARN_UNUSED_VARIABLE = YES;
				IPHONEOS_DEPLOYMENT_TARGET = 10.3;
				MTL_ENABLE_DEBUG_INFO = YES;
				ONLY_ACTIVE_ARCH = YES;
				SDKROOT = iphoneos;
				SWIFT_ACTIVE_COMPILATION_CONDITIONS = DEBUG;
				SWIFT_OPTIMIZATION_LEVEL = "-Onone";
				TARGETED_DEVICE_FAMILY = "1,2";
			};
			name = Debug;
		};
		B071D30E1F46773A009515C9 /* Release */ = {
			isa = XCBuildConfiguration;
			buildSettings = {
				ALWAYS_SEARCH_USER_PATHS = NO;
				CLANG_ANALYZER_NONNULL = YES;
				CLANG_ANALYZER_NUMBER_OBJECT_CONVERSION = YES_AGGRESSIVE;
				CLANG_CXX_LANGUAGE_STANDARD = "gnu++0x";
				CLANG_CXX_LIBRARY = "libc++";
				CLANG_ENABLE_MODULES = YES;
				CLANG_ENABLE_OBJC_ARC = YES;
				CLANG_WARN_BOOL_CONVERSION = YES;
				CLANG_WARN_CONSTANT_CONVERSION = YES;
				CLANG_WARN_DIRECT_OBJC_ISA_USAGE = YES_ERROR;
				CLANG_WARN_DOCUMENTATION_COMMENTS = YES;
				CLANG_WARN_EMPTY_BODY = YES;
				CLANG_WARN_ENUM_CONVERSION = YES;
				CLANG_WARN_INFINITE_RECURSION = YES;
				CLANG_WARN_INT_CONVERSION = YES;
				CLANG_WARN_OBJC_ROOT_CLASS = YES_ERROR;
				CLANG_WARN_SUSPICIOUS_MOVE = YES;
				CLANG_WARN_UNREACHABLE_CODE = YES;
				CLANG_WARN__DUPLICATE_METHOD_MATCH = YES;
				"CODE_SIGN_IDENTITY[sdk=iphoneos*]" = "iPhone Developer";
				COPY_PHASE_STRIP = NO;
				DEBUG_INFORMATION_FORMAT = "dwarf-with-dsym";
				ENABLE_NS_ASSERTIONS = NO;
				ENABLE_STRICT_OBJC_MSGSEND = YES;
				GCC_C_LANGUAGE_STANDARD = gnu99;
				GCC_NO_COMMON_BLOCKS = YES;
				GCC_WARN_64_TO_32_BIT_CONVERSION = YES;
				GCC_WARN_ABOUT_RETURN_TYPE = YES_ERROR;
				GCC_WARN_UNDECLARED_SELECTOR = YES;
				GCC_WARN_UNINITIALIZED_AUTOS = YES_AGGRESSIVE;
				GCC_WARN_UNUSED_FUNCTION = YES;
				GCC_WARN_UNUSED_VARIABLE = YES;
				IPHONEOS_DEPLOYMENT_TARGET = 10.3;
				MTL_ENABLE_DEBUG_INFO = NO;
				SDKROOT = iphoneos;
				SWIFT_OPTIMIZATION_LEVEL = "-Owholemodule";
				TARGETED_DEVICE_FAMILY = "1,2";
				VALIDATE_PRODUCT = YES;
			};
			name = Release;
		};
		B071D3101F46773A009515C9 /* Debug */ = {
			isa = XCBuildConfiguration;
			baseConfigurationReference = 2C552C303ED3F9F32F12858F /* Pods-SnapchatTest.debug.xcconfig */;
			buildSettings = {
				ASSETCATALOG_COMPILER_APPICON_NAME = AppIcon;
				INFOPLIST_FILE = SnapchatTest/Info.plist;
				LD_RUNPATH_SEARCH_PATHS = "$(inherited) @executable_path/Frameworks";
				PRODUCT_BUNDLE_IDENTIFIER = com.mcluvinit.SnapchatTest;
				PRODUCT_NAME = "$(TARGET_NAME)";
				SWIFT_VERSION = 3.0;
			};
			name = Debug;
		};
		B071D3111F46773A009515C9 /* Release */ = {
			isa = XCBuildConfiguration;
			baseConfigurationReference = 8B9D8F77249F880B5A802EE4 /* Pods-SnapchatTest.release.xcconfig */;
			buildSettings = {
				ASSETCATALOG_COMPILER_APPICON_NAME = AppIcon;
				INFOPLIST_FILE = SnapchatTest/Info.plist;
				LD_RUNPATH_SEARCH_PATHS = "$(inherited) @executable_path/Frameworks";
				PRODUCT_BUNDLE_IDENTIFIER = com.mcluvinit.SnapchatTest;
				PRODUCT_NAME = "$(TARGET_NAME)";
				SWIFT_VERSION = 3.0;
			};
			name = Release;
		};
/* End XCBuildConfiguration section */

/* Begin XCConfigurationList section */
		B071D2F81F467739009515C9 /* Build configuration list for PBXProject "SnapchatTest" */ = {
			isa = XCConfigurationList;
			buildConfigurations = (
				B071D30D1F46773A009515C9 /* Debug */,
				B071D30E1F46773A009515C9 /* Release */,
			);
			defaultConfigurationIsVisible = 0;
			defaultConfigurationName = Release;
		};
		B071D30F1F46773A009515C9 /* Build configuration list for PBXNativeTarget "SnapchatTest" */ = {
			isa = XCConfigurationList;
			buildConfigurations = (
				B071D3101F46773A009515C9 /* Debug */,
				B071D3111F46773A009515C9 /* Release */,
			);
			defaultConfigurationIsVisible = 0;
			defaultConfigurationName = Release;
		};
/* End XCConfigurationList section */
	};
	rootObject = B071D2F51F467739009515C9 /* Project object */;
}
